
Microsoft Visual Studio Solution File, Format Version 12.00
# Visual Studio Version 17
VisualStudioVersion = 17.0.32126.317
MinimumVisualStudioVersion = 10.0.40219.1
Project("{FAE04EC0-301F-11D3-BF4B-00C04F79EFBC}") = "entropy_lab4", "entropy_lab4\entropy_lab4.csproj", "{13042631-6968-49B3-8943-D676D5BDC850}"
EndProject
Global
	GlobalSection(SolutionConfigurationPlatforms) = preSolution
		Debug|Any CPU = Debug|Any CPU
		Release|Any CPU = Release|Any CPU
	EndGlobalSection
	GlobalSection(ProjectConfigurationPlatforms) = postSolution
		{13042631-6968-49B3-8943-D676D5BDC850}.Debug|Any CPU.ActiveCfg = Debug|Any CPU
		{13042631-6968-49B3-8943-D676D5BDC850}.Debug|Any CPU.Build.0 = Debug|Any CPU
		{13042631-6968-49B3-8943-D676D5BDC850}.Release|Any CPU.ActiveCfg = Release|Any CPU
		{13042631-6968-49B3-8943-D676D5BDC850}.Release|Any CPU.Build.0 = Release|Any CPU
	EndGlobalSection
	GlobalSection(SolutionProperties) = preSolution
		HideSolutionNode = FALSE
	EndGlobalSection
	GlobalSection(ExtensibilityGlobals) = postSolution
		SolutionGuid = {4B40FCA3-B338-4031-829F-DA4A4550A02F}
	EndGlobalSection
EndGlobal
